
Microsoft Visual Studio Solution File, Format Version 12.00
# Visual Studio Version 17
VisualStudioVersion = 17.5.33414.496
MinimumVisualStudioVersion = 10.0.40219.1
Project("{9A19103F-16F7-4668-BE54-9A1E7A4F7556}") = "NewsAgregator.Mvc", "NewsAgregator\NewsAgregator.Mvc.csproj", "{A3154ABF-ACF4-4070-B053-1CDC57288E65}"
EndProject
Project("{FAE04EC0-301F-11D3-BF4B-00C04F79EFBC}") = "NewsAgregator.Data", "NewsAgregator.Data\NewsAgregator.Data.csproj", "{2665A209-13D2-45E1-BE08-AA7EBC63BD93}"
EndProject
Global
	GlobalSection(SolutionConfigurationPlatforms) = preSolution
		Debug|Any CPU = Debug|Any CPU
		Release|Any CPU = Release|Any CPU
	EndGlobalSection
	GlobalSection(ProjectConfigurationPlatforms) = postSolution
		{A3154ABF-ACF4-4070-B053-1CDC57288E65}.Debug|Any CPU.ActiveCfg = Debug|Any CPU
		{A3154ABF-ACF4-4070-B053-1CDC57288E65}.Debug|Any CPU.Build.0 = Debug|Any CPU
		{A3154ABF-ACF4-4070-B053-1CDC57288E65}.Release|Any CPU.ActiveCfg = Release|Any CPU
		{A3154ABF-ACF4-4070-B053-1CDC57288E65}.Release|Any CPU.Build.0 = Release|Any CPU
		{2665A209-13D2-45E1-BE08-AA7EBC63BD93}.Debug|Any CPU.ActiveCfg = Debug|Any CPU
		{2665A209-13D2-45E1-BE08-AA7EBC63BD93}.Debug|Any CPU.Build.0 = Debug|Any CPU
		{2665A209-13D2-45E1-BE08-AA7EBC63BD93}.Release|Any CPU.ActiveCfg = Release|Any CPU
		{2665A209-13D2-45E1-BE08-AA7EBC63BD93}.Release|Any CPU.Build.0 = Release|Any CPU
	EndGlobalSection
	GlobalSection(SolutionProperties) = preSolution
		HideSolutionNode = FALSE
	EndGlobalSection
	GlobalSection(ExtensibilityGlobals) = postSolution
		SolutionGuid = {4F23CBA7-3F50-4865-ACB2-015EA8DAF19A}
	EndGlobalSection
EndGlobal
